
Microsoft Visual Studio Solution File, Format Version 12.00
# Visual Studio 15
VisualStudioVersion = 15.0.28307.1778
MinimumVisualStudioVersion = 10.0.40219.1
Project("{FAE04EC0-301F-11D3-BF4B-00C04F79EFBC}") = "CostAllocationApp", "CostAllocationApp\CostAllocationApp.csproj", "{5B3686A2-6802-4AC5-A407-34B0EB5A3DEC}"
EndProject
Global
	GlobalSection(SolutionConfigurationPlatforms) = preSolution
		Debug|Any CPU = Debug|Any CPU
		Release|Any CPU = Release|Any CPU
	EndGlobalSection
	GlobalSection(ProjectConfigurationPlatforms) = postSolution
		{5B3686A2-6802-4AC5-A407-34B0EB5A3DEC}.Debug|Any CPU.ActiveCfg = Debug|Any CPU
		{5B3686A2-6802-4AC5-A407-34B0EB5A3DEC}.Debug|Any CPU.Build.0 = Debug|Any CPU
		{5B3686A2-6802-4AC5-A407-34B0EB5A3DEC}.Release|Any CPU.ActiveCfg = Release|Any CPU
		{5B3686A2-6802-4AC5-A407-34B0EB5A3DEC}.Release|Any CPU.Build.0 = Release|Any CPU
	EndGlobalSection
	GlobalSection(SolutionProperties) = preSolution
		HideSolutionNode = FALSE
	EndGlobalSection
	GlobalSection(ExtensibilityGlobals) = postSolution
		SolutionGuid = {C1547E20-CBCB-4A08-A70F-BE3CD1E8C694}
	EndGlobalSection
EndGlobal
